
Microsoft Visual Studio Solution File, Format Version 12.00
# Visual Studio Version 17
VisualStudioVersion = 17.3.32901.215
MinimumVisualStudioVersion = 10.0.40219.1
Project("{FAE04EC0-301F-11D3-BF4B-00C04F79EFBC}") = "WebApplication2", "WebApplication2.csproj", "{30FFFBE2-0D00-4D41-BE15-720B861D3982}"
EndProject
Global
	GlobalSection(SolutionConfigurationPlatforms) = preSolution
		Debug|Any CPU = Debug|Any CPU
		Release|Any CPU = Release|Any CPU
	EndGlobalSection
	GlobalSection(ProjectConfigurationPlatforms) = postSolution
		{30FFFBE2-0D00-4D41-BE15-720B861D3982}.Debug|Any CPU.ActiveCfg = Debug|Any CPU
		{30FFFBE2-0D00-4D41-BE15-720B861D3982}.Debug|Any CPU.Build.0 = Debug|Any CPU
		{30FFFBE2-0D00-4D41-BE15-720B861D3982}.Release|Any CPU.ActiveCfg = Release|Any CPU
		{30FFFBE2-0D00-4D41-BE15-720B861D3982}.Release|Any CPU.Build.0 = Release|Any CPU
	EndGlobalSection
	GlobalSection(SolutionProperties) = preSolution
		HideSolutionNode = FALSE
	EndGlobalSection
	GlobalSection(ExtensibilityGlobals) = postSolution
		SolutionGuid = {5B3A4208-CD7E-4151-81AE-29A6C0920D2E}
	EndGlobalSection
EndGlobal
